// !$*UTF8*$!
{
	archiveVersion = 1;
	classes = {
	};
	objectVersion = 55;
	objects = {

/* Begin PBXBuildFile section */
		E52A8758281D627800794C44 /* AppDelegate.swift in Sources */ = {isa = PBXBuildFile; fileRef = E52A8757281D627800794C44 /* AppDelegate.swift */; };
		E52A8761281D627900794C44 /* Assets.xcassets in Resources */ = {isa = PBXBuildFile; fileRef = E52A8760281D627900794C44 /* Assets.xcassets */; };
		E52A8764281D627900794C44 /* LaunchScreen.storyboard in Resources */ = {isa = PBXBuildFile; fileRef = E52A8762281D627900794C44 /* LaunchScreen.storyboard */; };
		E52A876F281D627A00794C44 /* Gymondo_TestTests.swift in Sources */ = {isa = PBXBuildFile; fileRef = E52A876E281D627A00794C44 /* Gymondo_TestTests.swift */; };
		E52A8779281D627A00794C44 /* Gymondo_TestUITests.swift in Sources */ = {isa = PBXBuildFile; fileRef = E52A8778281D627A00794C44 /* Gymondo_TestUITests.swift */; };
		E52A877B281D627A00794C44 /* Gymondo_TestUITestsLaunchTests.swift in Sources */ = {isa = PBXBuildFile; fileRef = E52A877A281D627A00794C44 /* Gymondo_TestUITestsLaunchTests.swift */; };
		E52A878A281D678D00794C44 /* Networking.swift in Sources */ = {isa = PBXBuildFile; fileRef = E52A8789281D678D00794C44 /* Networking.swift */; };
		E52A878C281D69F400794C44 /* ExerciseRepository.swift in Sources */ = {isa = PBXBuildFile; fileRef = E52A878B281D69F400794C44 /* ExerciseRepository.swift */; };
		E52A878E281E46FF00794C44 /* Exercise.swift in Sources */ = {isa = PBXBuildFile; fileRef = E52A878D281E46FF00794C44 /* Exercise.swift */; };
		E52A8792281E4CE300794C44 /* ExercideListViewController.swift in Sources */ = {isa = PBXBuildFile; fileRef = E52A8791281E4CE300794C44 /* ExercideListViewController.swift */; };
		E52A8794281E4D1900794C44 /* ExerciseListViewController.storyboard in Resources */ = {isa = PBXBuildFile; fileRef = E52A8793281E4D1900794C44 /* ExerciseListViewController.storyboard */; };
		E52A8796281E533800794C44 /* ExercideListViewModel.swift in Sources */ = {isa = PBXBuildFile; fileRef = E52A8795281E533800794C44 /* ExercideListViewModel.swift */; };
		E52A879E281E681900794C44 /* ExerciseTableViewCell.swift in Sources */ = {isa = PBXBuildFile; fileRef = E52A879C281E681900794C44 /* ExerciseTableViewCell.swift */; };
		E52A879F281E681900794C44 /* ExerciseTableViewCell.xib in Resources */ = {isa = PBXBuildFile; fileRef = E52A879D281E681900794C44 /* ExerciseTableViewCell.xib */; };
		E52A87A1281E934800794C44 /* AppCoordinator.swift in Sources */ = {isa = PBXBuildFile; fileRef = E52A87A0281E934800794C44 /* AppCoordinator.swift */; };
		E52A87A3281EAB7400794C44 /* ExerciseCellViewModel.swift in Sources */ = {isa = PBXBuildFile; fileRef = E52A87A2281EAB7400794C44 /* ExerciseCellViewModel.swift */; };
		E52A87A5281FA30F00794C44 /* ExerciseDetailViewController.swift in Sources */ = {isa = PBXBuildFile; fileRef = E52A87A4281FA30F00794C44 /* ExerciseDetailViewController.swift */; };
		E52A87A7281FA31B00794C44 /* ExerciseDetailViewController.storyboard in Resources */ = {isa = PBXBuildFile; fileRef = E52A87A6281FA31B00794C44 /* ExerciseDetailViewController.storyboard */; };
		E52A87A9281FA3BE00794C44 /* ExerciseDetailViewModel.swift in Sources */ = {isa = PBXBuildFile; fileRef = E52A87A8281FA3BE00794C44 /* ExerciseDetailViewModel.swift */; };
		E52A87AB281FA4C400794C44 /* ExerciseInfo.swift in Sources */ = {isa = PBXBuildFile; fileRef = E52A87AA281FA4C400794C44 /* ExerciseInfo.swift */; };
		E52A87B5281FB2BD00794C44 /* ExerciseDetailTitleTableViewCell.swift in Sources */ = {isa = PBXBuildFile; fileRef = E52A87B3281FB2BD00794C44 /* ExerciseDetailTitleTableViewCell.swift */; };
		E52A87B6281FB2BD00794C44 /* ExerciseDetailTitleTableViewCell.xib in Resources */ = {isa = PBXBuildFile; fileRef = E52A87B4281FB2BD00794C44 /* ExerciseDetailTitleTableViewCell.xib */; };
		E52A87BB281FB32000794C44 /* ExerciseDetailImageTableViewCell.swift in Sources */ = {isa = PBXBuildFile; fileRef = E52A87B9281FB32000794C44 /* ExerciseDetailImageTableViewCell.swift */; };
		E52A87BC281FB32000794C44 /* ExerciseDetailImageTableViewCell.xib in Resources */ = {isa = PBXBuildFile; fileRef = E52A87BA281FB32000794C44 /* ExerciseDetailImageTableViewCell.xib */; };
		E52A87BF281FDE3900794C44 /* Kingfisher in Frameworks */ = {isa = PBXBuildFile; productRef = E52A87BE281FDE3900794C44 /* Kingfisher */; };
		E52A87C2281FE73C00794C44 /* ExerciseDetailVeriationTableViewCell.swift in Sources */ = {isa = PBXBuildFile; fileRef = E52A87C0281FE73C00794C44 /* ExerciseDetailVeriationTableViewCell.swift */; };
		E52A87C3281FE73C00794C44 /* ExerciseDetailVeriationTableViewCell.xib in Resources */ = {isa = PBXBuildFile; fileRef = E52A87C1281FE73C00794C44 /* ExerciseDetailVeriationTableViewCell.xib */; };
/* End PBXBuildFile section */

/* Begin PBXContainerItemProxy section */
		E52A876B281D627A00794C44 /* PBXContainerItemProxy */ = {
			isa = PBXContainerItemProxy;
			containerPortal = E52A874C281D627800794C44 /* Project object */;
			proxyType = 1;
			remoteGlobalIDString = E52A8753281D627800794C44;
			remoteInfo = "Gymondo Test";
		};
		E52A8775281D627A00794C44 /* PBXContainerItemProxy */ = {
			isa = PBXContainerItemProxy;
			containerPortal = E52A874C281D627800794C44 /* Project object */;
			proxyType = 1;
			remoteGlobalIDString = E52A8753281D627800794C44;
			remoteInfo = "Gymondo Test";
		};
/* End PBXContainerItemProxy section */

/* Begin PBXFileReference section */
		E52A8754281D627800794C44 /* Gymondo Test.app */ = {isa = PBXFileReference; explicitFileType = wrapper.application; includeInIndex = 0; path = "Gymondo Test.app"; sourceTree = BUILT_PRODUCTS_DIR; };
		E52A8757281D627800794C44 /* AppDelegate.swift */ = {isa = PBXFileReference; lastKnownFileType = sourcecode.swift; path = AppDelegate.swift; sourceTree = "<group>"; };
		E52A8760281D627900794C44 /* Assets.xcassets */ = {isa = PBXFileReference; lastKnownFileType = folder.assetcatalog; path = Assets.xcassets; sourceTree = "<group>"; };
		E52A8763281D627900794C44 /* Base */ = {isa = PBXFileReference; lastKnownFileType = file.storyboard; name = Base; path = Base.lproj/LaunchScreen.storyboard; sourceTree = "<group>"; };
		E52A8765281D627900794C44 /* Info.plist */ = {isa = PBXFileReference; lastKnownFileType = text.plist.xml; path = Info.plist; sourceTree = "<group>"; };
		E52A876A281D627A00794C44 /* Gymondo TestTests.xctest */ = {isa = PBXFileReference; explicitFileType = wrapper.cfbundle; includeInIndex = 0; path = "Gymondo TestTests.xctest"; sourceTree = BUILT_PRODUCTS_DIR; };
		E52A876E281D627A00794C44 /* Gymondo_TestTests.swift */ = {isa = PBXFileReference; lastKnownFileType = sourcecode.swift; path = Gymondo_TestTests.swift; sourceTree = "<group>"; };
		E52A8774281D627A00794C44 /* Gymondo TestUITests.xctest */ = {isa = PBXFileReference; explicitFileType = wrapper.cfbundle; includeInIndex = 0; path = "Gymondo TestUITests.xctest"; sourceTree = BUILT_PRODUCTS_DIR; };
		E52A8778281D627A00794C44 /* Gymondo_TestUITests.swift */ = {isa = PBXFileReference; lastKnownFileType = sourcecode.swift; path = Gymondo_TestUITests.swift; sourceTree = "<group>"; };
		E52A877A281D627A00794C44 /* Gymondo_TestUITestsLaunchTests.swift */ = {isa = PBXFileReference; lastKnownFileType = sourcecode.swift; path = Gymondo_TestUITestsLaunchTests.swift; sourceTree = "<group>"; };
		E52A8789281D678D00794C44 /* Networking.swift */ = {isa = PBXFileReference; lastKnownFileType = sourcecode.swift; path = Networking.swift; sourceTree = "<group>"; };
		E52A878B281D69F400794C44 /* ExerciseRepository.swift */ = {isa = PBXFileReference; lastKnownFileType = sourcecode.swift; path = ExerciseRepository.swift; sourceTree = "<group>"; };
		E52A878D281E46FF00794C44 /* Exercise.swift */ = {isa = PBXFileReference; lastKnownFileType = sourcecode.swift; path = Exercise.swift; sourceTree = "<group>"; };
		E52A8791281E4CE300794C44 /* ExercideListViewController.swift */ = {isa = PBXFileReference; lastKnownFileType = sourcecode.swift; path = ExercideListViewController.swift; sourceTree = "<group>"; };
		E52A8793281E4D1900794C44 /* ExerciseListViewController.storyboard */ = {isa = PBXFileReference; lastKnownFileType = file.storyboard; path = ExerciseListViewController.storyboard; sourceTree = "<group>"; };
		E52A8795281E533800794C44 /* ExercideListViewModel.swift */ = {isa = PBXFileReference; lastKnownFileType = sourcecode.swift; path = ExercideListViewModel.swift; sourceTree = "<group>"; };
		E52A879C281E681900794C44 /* ExerciseTableViewCell.swift */ = {isa = PBXFileReference; lastKnownFileType = sourcecode.swift; path = ExerciseTableViewCell.swift; sourceTree = "<group>"; };
		E52A879D281E681900794C44 /* ExerciseTableViewCell.xib */ = {isa = PBXFileReference; lastKnownFileType = file.xib; path = ExerciseTableViewCell.xib; sourceTree = "<group>"; };
		E52A87A0281E934800794C44 /* AppCoordinator.swift */ = {isa = PBXFileReference; lastKnownFileType = sourcecode.swift; path = AppCoordinator.swift; sourceTree = "<group>"; };
		E52A87A2281EAB7400794C44 /* ExerciseCellViewModel.swift */ = {isa = PBXFileReference; lastKnownFileType = sourcecode.swift; path = ExerciseCellViewModel.swift; sourceTree = "<group>"; };
		E52A87A4281FA30F00794C44 /* ExerciseDetailViewController.swift */ = {isa = PBXFileReference; lastKnownFileType = sourcecode.swift; path = ExerciseDetailViewController.swift; sourceTree = "<group>"; };
		E52A87A6281FA31B00794C44 /* ExerciseDetailViewController.storyboard */ = {isa = PBXFileReference; lastKnownFileType = file.storyboard; path = ExerciseDetailViewController.storyboard; sourceTree = "<group>"; };
		E52A87A8281FA3BE00794C44 /* ExerciseDetailViewModel.swift */ = {isa = PBXFileReference; lastKnownFileType = sourcecode.swift; path = ExerciseDetailViewModel.swift; sourceTree = "<group>"; };
		E52A87AA281FA4C400794C44 /* ExerciseInfo.swift */ = {isa = PBXFileReference; lastKnownFileType = sourcecode.swift; path = ExerciseInfo.swift; sourceTree = "<group>"; };
		E52A87B3281FB2BD00794C44 /* ExerciseDetailTitleTableViewCell.swift */ = {isa = PBXFileReference; lastKnownFileType = sourcecode.swift; path = ExerciseDetailTitleTableViewCell.swift; sourceTree = "<group>"; };
		E52A87B4281FB2BD00794C44 /* ExerciseDetailTitleTableViewCell.xib */ = {isa = PBXFileReference; lastKnownFileType = file.xib; path = ExerciseDetailTitleTableViewCell.xib; sourceTree = "<group>"; };
		E52A87B9281FB32000794C44 /* ExerciseDetailImageTableViewCell.swift */ = {isa = PBXFileReference; lastKnownFileType = sourcecode.swift; path = ExerciseDetailImageTableViewCell.swift; sourceTree = "<group>"; };
		E52A87BA281FB32000794C44 /* ExerciseDetailImageTableViewCell.xib */ = {isa = PBXFileReference; lastKnownFileType = file.xib; path = ExerciseDetailImageTableViewCell.xib; sourceTree = "<group>"; };
		E52A87C0281FE73C00794C44 /* ExerciseDetailVeriationTableViewCell.swift */ = {isa = PBXFileReference; lastKnownFileType = sourcecode.swift; path = ExerciseDetailVeriationTableViewCell.swift; sourceTree = "<group>"; };
		E52A87C1281FE73C00794C44 /* ExerciseDetailVeriationTableViewCell.xib */ = {isa = PBXFileReference; lastKnownFileType = file.xib; path = ExerciseDetailVeriationTableViewCell.xib; sourceTree = "<group>"; };
/* End PBXFileReference section */

/* Begin PBXFrameworksBuildPhase section */
		E52A8751281D627800794C44 /* Frameworks */ = {
			isa = PBXFrameworksBuildPhase;
			buildActionMask = 2147483647;
			files = (
				E52A87BF281FDE3900794C44 /* Kingfisher in Frameworks */,
			);
			runOnlyForDeploymentPostprocessing = 0;
		};
		E52A8767281D627A00794C44 /* Frameworks */ = {
			isa = PBXFrameworksBuildPhase;
			buildActionMask = 2147483647;
			files = (
			);
			runOnlyForDeploymentPostprocessing = 0;
		};
		E52A8771281D627A00794C44 /* Frameworks */ = {
			isa = PBXFrameworksBuildPhase;
			buildActionMask = 2147483647;
			files = (
			);
			runOnlyForDeploymentPostprocessing = 0;
		};
/* End PBXFrameworksBuildPhase section */

/* Begin PBXGroup section */
		E52A874B281D627800794C44 = {
			isa = PBXGroup;
			children = (
				E52A8756281D627800794C44 /* Gymondo Test */,
				E52A876D281D627A00794C44 /* Gymondo TestTests */,
				E52A8777281D627A00794C44 /* Gymondo TestUITests */,
				E52A8755281D627800794C44 /* Products */,
			);
			sourceTree = "<group>";
		};
		E52A8755281D627800794C44 /* Products */ = {
			isa = PBXGroup;
			children = (
				E52A8754281D627800794C44 /* Gymondo Test.app */,
				E52A876A281D627A00794C44 /* Gymondo TestTests.xctest */,
				E52A8774281D627A00794C44 /* Gymondo TestUITests.xctest */,
			);
			name = Products;
			sourceTree = "<group>";
		};
		E52A8756281D627800794C44 /* Gymondo Test */ = {
			isa = PBXGroup;
			children = (
				E52A8788281D62BB00794C44 /* Presentation */,
				E52A8787281D62B100794C44 /* Data */,
				E52A8757281D627800794C44 /* AppDelegate.swift */,
				E52A8760281D627900794C44 /* Assets.xcassets */,
				E52A8762281D627900794C44 /* LaunchScreen.storyboard */,
				E52A8765281D627900794C44 /* Info.plist */,
			);
			path = "Gymondo Test";
			sourceTree = "<group>";
		};
		E52A876D281D627A00794C44 /* Gymondo TestTests */ = {
			isa = PBXGroup;
			children = (
				E52A876E281D627A00794C44 /* Gymondo_TestTests.swift */,
			);
			path = "Gymondo TestTests";
			sourceTree = "<group>";
		};
		E52A8777281D627A00794C44 /* Gymondo TestUITests */ = {
			isa = PBXGroup;
			children = (
				E52A8778281D627A00794C44 /* Gymondo_TestUITests.swift */,
				E52A877A281D627A00794C44 /* Gymondo_TestUITestsLaunchTests.swift */,
			);
			path = "Gymondo TestUITests";
			sourceTree = "<group>";
		};
		E52A8787281D62B100794C44 /* Data */ = {
			isa = PBXGroup;
			children = (
				E52A8789281D678D00794C44 /* Networking.swift */,
				E52A878B281D69F400794C44 /* ExerciseRepository.swift */,
				E52A878D281E46FF00794C44 /* Exercise.swift */,
				E52A87AA281FA4C400794C44 /* ExerciseInfo.swift */,
			);
			path = Data;
			sourceTree = "<group>";
		};
		E52A8788281D62BB00794C44 /* Presentation */ = {
			isa = PBXGroup;
			children = (
				E52A878F281E4C6B00794C44 /* ExerciseList */,
				E52A8790281E4C7700794C44 /* ExerciseDetail */,
				E52A87A0281E934800794C44 /* AppCoordinator.swift */,
			);
			path = Presentation;
			sourceTree = "<group>";
		};
		E52A878F281E4C6B00794C44 /* ExerciseList */ = {
			isa = PBXGroup;
			children = (
				E52A879B281E584500794C44 /* Views */,
				E52A8791281E4CE300794C44 /* ExercideListViewController.swift */,
				E52A8793281E4D1900794C44 /* ExerciseListViewController.storyboard */,
				E52A8795281E533800794C44 /* ExercideListViewModel.swift */,
			);
			path = ExerciseList;
			sourceTree = "<group>";
		};
		E52A8790281E4C7700794C44 /* ExerciseDetail */ = {
			isa = PBXGroup;
			children = (
				E52A87AC281FB23200794C44 /* Views */,
				E52A87A4281FA30F00794C44 /* ExerciseDetailViewController.swift */,
				E52A87A6281FA31B00794C44 /* ExerciseDetailViewController.storyboard */,
				E52A87A8281FA3BE00794C44 /* ExerciseDetailViewModel.swift */,
			);
			path = ExerciseDetail;
			sourceTree = "<group>";
		};
		E52A879B281E584500794C44 /* Views */ = {
			isa = PBXGroup;
			children = (
				E52A879C281E681900794C44 /* ExerciseTableViewCell.swift */,
				E52A879D281E681900794C44 /* ExerciseTableViewCell.xib */,
				E52A87A2281EAB7400794C44 /* ExerciseCellViewModel.swift */,
			);
			path = Views;
			sourceTree = "<group>";
		};
		E52A87AC281FB23200794C44 /* Views */ = {
			isa = PBXGroup;
			children = (
				E52A87B3281FB2BD00794C44 /* ExerciseDetailTitleTableViewCell.swift */,
				E52A87B4281FB2BD00794C44 /* ExerciseDetailTitleTableViewCell.xib */,
				E52A87B9281FB32000794C44 /* ExerciseDetailImageTableViewCell.swift */,
				E52A87BA281FB32000794C44 /* ExerciseDetailImageTableViewCell.xib */,
				E52A87C0281FE73C00794C44 /* ExerciseDetailVeriationTableViewCell.swift */,
				E52A87C1281FE73C00794C44 /* ExerciseDetailVeriationTableViewCell.xib */,
			);
			path = Views;
			sourceTree = "<group>";
		};
/* End PBXGroup section */

/* Begin PBXNativeTarget section */
		E52A8753281D627800794C44 /* Gymondo Test */ = {
			isa = PBXNativeTarget;
			buildConfigurationList = E52A877E281D627A00794C44 /* Build configuration list for PBXNativeTarget "Gymondo Test" */;
			buildPhases = (
				E52A8750281D627800794C44 /* Sources */,
				E52A8751281D627800794C44 /* Frameworks */,
				E52A8752281D627800794C44 /* Resources */,
			);
			buildRules = (
			);
			dependencies = (
			);
			name = "Gymondo Test";
			packageProductDependencies = (
				E52A87BE281FDE3900794C44 /* Kingfisher */,
			);
			productName = "Gymondo Test";
			productReference = E52A8754281D627800794C44 /* Gymondo Test.app */;
			productType = "com.apple.product-type.application";
		};
		E52A8769281D627A00794C44 /* Gymondo TestTests */ = {
			isa = PBXNativeTarget;
			buildConfigurationList = E52A8781281D627A00794C44 /* Build configuration list for PBXNativeTarget "Gymondo TestTests" */;
			buildPhases = (
				E52A8766281D627A00794C44 /* Sources */,
				E52A8767281D627A00794C44 /* Frameworks */,
				E52A8768281D627A00794C44 /* Resources */,
			);
			buildRules = (
			);
			dependencies = (
				E52A876C281D627A00794C44 /* PBXTargetDependency */,
			);
			name = "Gymondo TestTests";
			productName = "Gymondo TestTests";
			productReference = E52A876A281D627A00794C44 /* Gymondo TestTests.xctest */;
			productType = "com.apple.product-type.bundle.unit-test";
		};
		E52A8773281D627A00794C44 /* Gymondo TestUITests */ = {
			isa = PBXNativeTarget;
			buildConfigurationList = E52A8784281D627A00794C44 /* Build configuration list for PBXNativeTarget "Gymondo TestUITests" */;
			buildPhases = (
				E52A8770281D627A00794C44 /* Sources */,
				E52A8771281D627A00794C44 /* Frameworks */,
				E52A8772281D627A00794C44 /* Resources */,
			);
			buildRules = (
			);
			dependencies = (
				E52A8776281D627A00794C44 /* PBXTargetDependency */,
			);
			name = "Gymondo TestUITests";
			productName = "Gymondo TestUITests";
			productReference = E52A8774281D627A00794C44 /* Gymondo TestUITests.xctest */;
			productType = "com.apple.product-type.bundle.ui-testing";
		};
/* End PBXNativeTarget section */

/* Begin PBXProject section */
		E52A874C281D627800794C44 /* Project object */ = {
			isa = PBXProject;
			attributes = {
				BuildIndependentTargetsInParallel = 1;
				LastSwiftUpdateCheck = 1310;
				LastUpgradeCheck = 1310;
				TargetAttributes = {
					E52A8753281D627800794C44 = {
						CreatedOnToolsVersion = 13.1;
					};
					E52A8769281D627A00794C44 = {
						CreatedOnToolsVersion = 13.1;
						TestTargetID = E52A8753281D627800794C44;
					};
					E52A8773281D627A00794C44 = {
						CreatedOnToolsVersion = 13.1;
						TestTargetID = E52A8753281D627800794C44;
					};
				};
			};
			buildConfigurationList = E52A874F281D627800794C44 /* Build configuration list for PBXProject "Gymondo Test" */;
			compatibilityVersion = "Xcode 13.0";
			developmentRegion = en;
			hasScannedForEncodings = 0;
			knownRegions = (
				en,
				Base,
			);
			mainGroup = E52A874B281D627800794C44;
			packageReferences = (
				E52A87BD281FDE3900794C44 /* XCRemoteSwiftPackageReference "Kingfisher" */,
			);
			productRefGroup = E52A8755281D627800794C44 /* Products */;
			projectDirPath = "";
			projectRoot = "";
			targets = (
				E52A8753281D627800794C44 /* Gymondo Test */,
				E52A8769281D627A00794C44 /* Gymondo TestTests */,
				E52A8773281D627A00794C44 /* Gymondo TestUITests */,
			);
		};
/* End PBXProject section */

/* Begin PBXResourcesBuildPhase section */
		E52A8752281D627800794C44 /* Resources */ = {
			isa = PBXResourcesBuildPhase;
			buildActionMask = 2147483647;
			files = (
				E52A87A7281FA31B00794C44 /* ExerciseDetailViewController.storyboard in Resources */,
				E52A8764281D627900794C44 /* LaunchScreen.storyboard in Resources */,
				E52A8761281D627900794C44 /* Assets.xcassets in Resources */,
				E52A879F281E681900794C44 /* ExerciseTableViewCell.xib in Resources */,
				E52A87C3281FE73C00794C44 /* ExerciseDetailVeriationTableViewCell.xib in Resources */,
				E52A87B6281FB2BD00794C44 /* ExerciseDetailTitleTableViewCell.xib in Resources */,
				E52A87BC281FB32000794C44 /* ExerciseDetailImageTableViewCell.xib in Resources */,
				E52A8794281E4D1900794C44 /* ExerciseListViewController.storyboard in Resources */,
			);
			runOnlyForDeploymentPostprocessing = 0;
		};
		E52A8768281D627A00794C44 /* Resources */ = {
			isa = PBXResourcesBuildPhase;
			buildActionMask = 2147483647;
			files = (
			);
			runOnlyForDeploymentPostprocessing = 0;
		};
		E52A8772281D627A00794C44 /* Resources */ = {
			isa = PBXResourcesBuildPhase;
			buildActionMask = 2147483647;
			files = (
			);
			runOnlyForDeploymentPostprocessing = 0;
		};
/* End PBXResourcesBuildPhase section */

/* Begin PBXSourcesBuildPhase section */
		E52A8750281D627800794C44 /* Sources */ = {
			isa = PBXSourcesBuildPhase;
			buildActionMask = 2147483647;
			files = (
				E52A87A3281EAB7400794C44 /* ExerciseCellViewModel.swift in Sources */,
				E52A87B5281FB2BD00794C44 /* ExerciseDetailTitleTableViewCell.swift in Sources */,
				E52A8758281D627800794C44 /* AppDelegate.swift in Sources */,
				E52A87C2281FE73C00794C44 /* ExerciseDetailVeriationTableViewCell.swift in Sources */,
				E52A87A9281FA3BE00794C44 /* ExerciseDetailViewModel.swift in Sources */,
				E52A87BB281FB32000794C44 /* ExerciseDetailImageTableViewCell.swift in Sources */,
				E52A87A5281FA30F00794C44 /* ExerciseDetailViewController.swift in Sources */,
				E52A87A1281E934800794C44 /* AppCoordinator.swift in Sources */,
				E52A8792281E4CE300794C44 /* ExercideListViewController.swift in Sources */,
				E52A87AB281FA4C400794C44 /* ExerciseInfo.swift in Sources */,
				E52A878A281D678D00794C44 /* Networking.swift in Sources */,
				E52A878C281D69F400794C44 /* ExerciseRepository.swift in Sources */,
				E52A879E281E681900794C44 /* ExerciseTableViewCell.swift in Sources */,
				E52A878E281E46FF00794C44 /* Exercise.swift in Sources */,
				E52A8796281E533800794C44 /* ExercideListViewModel.swift in Sources */,
			);
			runOnlyForDeploymentPostprocessing = 0;
		};
		E52A8766281D627A00794C44 /* Sources */ = {
			isa = PBXSourcesBuildPhase;
			buildActionMask = 2147483647;
			files = (
				E52A876F281D627A00794C44 /* Gymondo_TestTests.swift in Sources */,
			);
			runOnlyForDeploymentPostprocessing = 0;
		};
		E52A8770281D627A00794C44 /* Sources */ = {
			isa = PBXSourcesBuildPhase;
			buildActionMask = 2147483647;
			files = (
				E52A877B281D627A00794C44 /* Gymondo_TestUITestsLaunchTests.swift in Sources */,
				E52A8779281D627A00794C44 /* Gymondo_TestUITests.swift in Sources */,
			);
			runOnlyForDeploymentPostprocessing = 0;
		};
/* End PBXSourcesBuildPhase section */

/* Begin PBXTargetDependency section */
		E52A876C281D627A00794C44 /* PBXTargetDependency */ = {
			isa = PBXTargetDependency;
			target = E52A8753281D627800794C44 /* Gymondo Test */;
			targetProxy = E52A876B281D627A00794C44 /* PBXContainerItemProxy */;
		};
		E52A8776281D627A00794C44 /* PBXTargetDependency */ = {
			isa = PBXTargetDependency;
			target = E52A8753281D627800794C44 /* Gymondo Test */;
			targetProxy = E52A8775281D627A00794C44 /* PBXContainerItemProxy */;
		};
/* End PBXTargetDependency section */

/* Begin PBXVariantGroup section */
		E52A8762281D627900794C44 /* LaunchScreen.storyboard */ = {
			isa = PBXVariantGroup;
			children = (
				E52A8763281D627900794C44 /* Base */,
			);
			name = LaunchScreen.storyboard;
			sourceTree = "<group>";
		};
/* End PBXVariantGroup section */

/* Begin XCBuildConfiguration section */
		E52A877C281D627A00794C44 /* Debug */ = {
			isa = XCBuildConfiguration;
			buildSettings = {
				ALWAYS_SEARCH_USER_PATHS = NO;
				CLANG_ANALYZER_NONNULL = YES;
				CLANG_ANALYZER_NUMBER_OBJECT_CONVERSION = YES_AGGRESSIVE;
				CLANG_CXX_LANGUAGE_STANDARD = "gnu++17";
				CLANG_CXX_LIBRARY = "libc++";
				CLANG_ENABLE_MODULES = YES;
				CLANG_ENABLE_OBJC_ARC = YES;
				CLANG_ENABLE_OBJC_WEAK = YES;
				CLANG_WARN_BLOCK_CAPTURE_AUTORELEASING = YES;
				CLANG_WARN_BOOL_CONVERSION = YES;
				CLANG_WARN_COMMA = YES;
				CLANG_WARN_CONSTANT_CONVERSION = YES;
				CLANG_WARN_DEPRECATED_OBJC_IMPLEMENTATIONS = YES;
				CLANG_WARN_DIRECT_OBJC_ISA_USAGE = YES_ERROR;
				CLANG_WARN_DOCUMENTATION_COMMENTS = YES;
				CLANG_WARN_EMPTY_BODY = YES;
				CLANG_WARN_ENUM_CONVERSION = YES;
				CLANG_WARN_INFINITE_RECURSION = YES;
				CLANG_WARN_INT_CONVERSION = YES;
				CLANG_WARN_NON_LITERAL_NULL_CONVERSION = YES;
				CLANG_WARN_OBJC_IMPLICIT_RETAIN_SELF = YES;
				CLANG_WARN_OBJC_LITERAL_CONVERSION = YES;
				CLANG_WARN_OBJC_ROOT_CLASS = YES_ERROR;
				CLANG_WARN_QUOTED_INCLUDE_IN_FRAMEWORK_HEADER = YES;
				CLANG_WARN_RANGE_LOOP_ANALYSIS = YES;
				CLANG_WARN_STRICT_PROTOTYPES = YES;
				CLANG_WARN_SUSPICIOUS_MOVE = YES;
				CLANG_WARN_UNGUARDED_AVAILABILITY = YES_AGGRESSIVE;
				CLANG_WARN_UNREACHABLE_CODE = YES;
				CLANG_WARN__DUPLICATE_METHOD_MATCH = YES;
				COPY_PHASE_STRIP = NO;
				DEBUG_INFORMATION_FORMAT = dwarf;
				ENABLE_STRICT_OBJC_MSGSEND = YES;
				ENABLE_TESTABILITY = YES;
				GCC_C_LANGUAGE_STANDARD = gnu11;
				GCC_DYNAMIC_NO_PIC = NO;
				GCC_NO_COMMON_BLOCKS = YES;
				GCC_OPTIMIZATION_LEVEL = 0;
				GCC_PREPROCESSOR_DEFINITIONS = (
					"DEBUG=1",
					"$(inherited)",
				);
				GCC_WARN_64_TO_32_BIT_CONVERSION = YES;
				GCC_WARN_ABOUT_RETURN_TYPE = YES_ERROR;
				GCC_WARN_UNDECLARED_SELECTOR = YES;
				GCC_WARN_UNINITIALIZED_AUTOS = YES_AGGRESSIVE;
				GCC_WARN_UNUSED_FUNCTION = YES;
				GCC_WARN_UNUSED_VARIABLE = YES;
				IPHONEOS_DEPLOYMENT_TARGET = 15.0;
				MTL_ENABLE_DEBUG_INFO = INCLUDE_SOURCE;
				MTL_FAST_MATH = YES;
				ONLY_ACTIVE_ARCH = YES;
				SDKROOT = iphoneos;
				SWIFT_ACTIVE_COMPILATION_CONDITIONS = DEBUG;
				SWIFT_OPTIMIZATION_LEVEL = "-Onone";
			};
			name = Debug;
		};
		E52A877D281D627A00794C44 /* Release */ = {
			isa = XCBuildConfiguration;
			buildSettings = {
				ALWAYS_SEARCH_USER_PATHS = NO;
				CLANG_ANALYZER_NONNULL = YES;
				CLANG_ANALYZER_NUMBER_OBJECT_CONVERSION = YES_AGGRESSIVE;
				CLANG_CXX_LANGUAGE_STANDARD = "gnu++17";
				CLANG_CXX_LIBRARY = "libc++";
				CLANG_ENABLE_MODULES = YES;
				CLANG_ENABLE_OBJC_ARC = YES;
				CLANG_ENABLE_OBJC_WEAK = YES;
				CLANG_WARN_BLOCK_CAPTURE_AUTORELEASING = YES;
				CLANG_WARN_BOOL_CONVERSION = YES;
				CLANG_WARN_COMMA = YES;
				CLANG_WARN_CONSTANT_CONVERSION = YES;
				CLANG_WARN_DEPRECATED_OBJC_IMPLEMENTATIONS = YES;
				CLANG_WARN_DIRECT_OBJC_ISA_USAGE = YES_ERROR;
				CLANG_WARN_DOCUMENTATION_COMMENTS = YES;
				CLANG_WARN_EMPTY_BODY = YES;
				CLANG_WARN_ENUM_CONVERSION = YES;
				CLANG_WARN_INFINITE_RECURSION = YES;
				CLANG_WARN_INT_CONVERSION = YES;
				CLANG_WARN_NON_LITERAL_NULL_CONVERSION = YES;
				CLANG_WARN_OBJC_IMPLICIT_RETAIN_SELF = YES;
				CLANG_WARN_OBJC_LITERAL_CONVERSION = YES;
				CLANG_WARN_OBJC_ROOT_CLASS = YES_ERROR;
				CLANG_WARN_QUOTED_INCLUDE_IN_FRAMEWORK_HEADER = YES;
				CLANG_WARN_RANGE_LOOP_ANALYSIS = YES;
				CLANG_WARN_STRICT_PROTOTYPES = YES;
				CLANG_WARN_SUSPICIOUS_MOVE = YES;
				CLANG_WARN_UNGUARDED_AVAILABILITY = YES_AGGRESSIVE;
				CLANG_WARN_UNREACHABLE_CODE = YES;
				CLANG_WARN__DUPLICATE_METHOD_MATCH = YES;
				COPY_PHASE_STRIP = NO;
				DEBUG_INFORMATION_FORMAT = "dwarf-with-dsym";
				ENABLE_NS_ASSERTIONS = NO;
				ENABLE_STRICT_OBJC_MSGSEND = YES;
				GCC_C_LANGUAGE_STANDARD = gnu11;
				GCC_NO_COMMON_BLOCKS = YES;
				GCC_WARN_64_TO_32_BIT_CONVERSION = YES;
				GCC_WARN_ABOUT_RETURN_TYPE = YES_ERROR;
				GCC_WARN_UNDECLARED_SELECTOR = YES;
				GCC_WARN_UNINITIALIZED_AUTOS = YES_AGGRESSIVE;
				GCC_WARN_UNUSED_FUNCTION = YES;
				GCC_WARN_UNUSED_VARIABLE = YES;
				IPHONEOS_DEPLOYMENT_TARGET = 15.0;
				MTL_ENABLE_DEBUG_INFO = NO;
				MTL_FAST_MATH = YES;
				SDKROOT = iphoneos;
				SWIFT_COMPILATION_MODE = wholemodule;
				SWIFT_OPTIMIZATION_LEVEL = "-O";
				VALIDATE_PRODUCT = YES;
			};
			name = Release;
		};
		E52A877F281D627A00794C44 /* Debug */ = {
			isa = XCBuildConfiguration;
			buildSettings = {
				ASSETCATALOG_COMPILER_APPICON_NAME = AppIcon;
				ASSETCATALOG_COMPILER_GLOBAL_ACCENT_COLOR_NAME = AccentColor;
				CODE_SIGN_STYLE = Automatic;
				CURRENT_PROJECT_VERSION = 1;
				DEVELOPMENT_TEAM = LL2KGA689L;
				GENERATE_INFOPLIST_FILE = YES;
				INFOPLIST_FILE = "Gymondo Test/Info.plist";
				INFOPLIST_KEY_UIApplicationSupportsIndirectInputEvents = YES;
				INFOPLIST_KEY_UILaunchStoryboardName = LaunchScreen;
				INFOPLIST_KEY_UISupportedInterfaceOrientations_iPad = "UIInterfaceOrientationPortrait UIInterfaceOrientationPortraitUpsideDown UIInterfaceOrientationLandscapeLeft UIInterfaceOrientationLandscapeRight";
				INFOPLIST_KEY_UISupportedInterfaceOrientations_iPhone = "UIInterfaceOrientationPortrait UIInterfaceOrientationLandscapeLeft UIInterfaceOrientationLandscapeRight";
				LD_RUNPATH_SEARCH_PATHS = (
					"$(inherited)",
					"@executable_path/Frameworks",
				);
				MARKETING_VERSION = 1.0;
				PRODUCT_BUNDLE_IDENTIFIER = "com.ganguly.Gymondo-Test";
				PRODUCT_NAME = "$(TARGET_NAME)";
				SWIFT_EMIT_LOC_STRINGS = YES;
				SWIFT_VERSION = 5.0;
				TARGETED_DEVICE_FAMILY = "1,2";
			};
			name = Debug;
		};
		E52A8780281D627A00794C44 /* Release */ = {
			isa = XCBuildConfiguration;
			buildSettings = {
				ASSETCATALOG_COMPILER_APPICON_NAME = AppIcon;
				ASSETCATALOG_COMPILER_GLOBAL_ACCENT_COLOR_NAME = AccentColor;
				CODE_SIGN_STYLE = Automatic;
				CURRENT_PROJECT_VERSION = 1;
				DEVELOPMENT_TEAM = LL2KGA689L;
				GENERATE_INFOPLIST_FILE = YES;
				INFOPLIST_FILE = "Gymondo Test/Info.plist";
				INFOPLIST_KEY_UIApplicationSupportsIndirectInputEvents = YES;
				INFOPLIST_KEY_UILaunchStoryboardName = LaunchScreen;
				INFOPLIST_KEY_UISupportedInterfaceOrientations_iPad = "UIInterfaceOrientationPortrait UIInterfaceOrientationPortraitUpsideDown UIInterfaceOrientationLandscapeLeft UIInterfaceOrientationLandscapeRight";
				INFOPLIST_KEY_UISupportedInterfaceOrientations_iPhone = "UIInterfaceOrientationPortrait UIInterfaceOrientationLandscapeLeft UIInterfaceOrientationLandscapeRight";
				LD_RUNPATH_SEARCH_PATHS = (
					"$(inherited)",
					"@executable_path/Frameworks",
				);
				MARKETING_VERSION = 1.0;
				PRODUCT_BUNDLE_IDENTIFIER = "com.ganguly.Gymondo-Test";
				PRODUCT_NAME = "$(TARGET_NAME)";
				SWIFT_EMIT_LOC_STRINGS = YES;
				SWIFT_VERSION = 5.0;
				TARGETED_DEVICE_FAMILY = "1,2";
			};
			name = Release;
		};
		E52A8782281D627A00794C44 /* Debug */ = {
			isa = XCBuildConfiguration;
			buildSettings = {
				ALWAYS_EMBED_SWIFT_STANDARD_LIBRARIES = YES;
				BUNDLE_LOADER = "$(TEST_HOST)";
				CODE_SIGN_STYLE = Automatic;
				CURRENT_PROJECT_VERSION = 1;
				DEVELOPMENT_TEAM = LL2KGA689L;
				GENERATE_INFOPLIST_FILE = YES;
				IPHONEOS_DEPLOYMENT_TARGET = 15.0;
				LD_RUNPATH_SEARCH_PATHS = (
					"$(inherited)",
					"@executable_path/Frameworks",
					"@loader_path/Frameworks",
				);
				MARKETING_VERSION = 1.0;
				PRODUCT_BUNDLE_IDENTIFIER = "com.ganguly.Gymondo-TestTests";
				PRODUCT_NAME = "$(TARGET_NAME)";
				SWIFT_EMIT_LOC_STRINGS = NO;
				SWIFT_VERSION = 5.0;
				TARGETED_DEVICE_FAMILY = "1,2";
				TEST_HOST = "$(BUILT_PRODUCTS_DIR)/Gymondo Test.app/Gymondo Test";
			};
			name = Debug;
		};
		E52A8783281D627A00794C44 /* Release */ = {
			isa = XCBuildConfiguration;
			buildSettings = {
				ALWAYS_EMBED_SWIFT_STANDARD_LIBRARIES = YES;
				BUNDLE_LOADER = "$(TEST_HOST)";
				CODE_SIGN_STYLE = Automatic;
				CURRENT_PROJECT_VERSION = 1;
				DEVELOPMENT_TEAM = LL2KGA689L;
				GENERATE_INFOPLIST_FILE = YES;
				IPHONEOS_DEPLOYMENT_TARGET = 15.0;
				LD_RUNPATH_SEARCH_PATHS = (
					"$(inherited)",
					"@executable_path/Frameworks",
					"@loader_path/Frameworks",
				);
				MARKETING_VERSION = 1.0;
				PRODUCT_BUNDLE_IDENTIFIER = "com.ganguly.Gymondo-TestTests";
				PRODUCT_NAME = "$(TARGET_NAME)";
				SWIFT_EMIT_LOC_STRINGS = NO;
				SWIFT_VERSION = 5.0;
				TARGETED_DEVICE_FAMILY = "1,2";
				TEST_HOST = "$(BUILT_PRODUCTS_DIR)/Gymondo Test.app/Gymondo Test";
			};
			name = Release;
		};
		E52A8785281D627A00794C44 /* Debug */ = {
			isa = XCBuildConfiguration;
			buildSettings = {
				ALWAYS_EMBED_SWIFT_STANDARD_LIBRARIES = YES;
				CODE_SIGN_STYLE = Automatic;
				CURRENT_PROJECT_VERSION = 1;
				DEVELOPMENT_TEAM = LL2KGA689L;
				GENERATE_INFOPLIST_FILE = YES;
				LD_RUNPATH_SEARCH_PATHS = (
					"$(inherited)",
					"@executable_path/Frameworks",
					"@loader_path/Frameworks",
				);
				MARKETING_VERSION = 1.0;
				PRODUCT_BUNDLE_IDENTIFIER = "com.ganguly.Gymondo-TestUITests";
				PRODUCT_NAME = "$(TARGET_NAME)";
				SWIFT_EMIT_LOC_STRINGS = NO;
				SWIFT_VERSION = 5.0;
				TARGETED_DEVICE_FAMILY = "1,2";
				TEST_TARGET_NAME = "Gymondo Test";
			};
			name = Debug;
		};
		E52A8786281D627A00794C44 /* Release */ = {
			isa = XCBuildConfiguration;
			buildSettings = {
				ALWAYS_EMBED_SWIFT_STANDARD_LIBRARIES = YES;
				CODE_SIGN_STYLE = Automatic;
				CURRENT_PROJECT_VERSION = 1;
				DEVELOPMENT_TEAM = LL2KGA689L;
				GENERATE_INFOPLIST_FILE = YES;
				LD_RUNPATH_SEARCH_PATHS = (
					"$(inherited)",
					"@executable_path/Frameworks",
					"@loader_path/Frameworks",
				);
				MARKETING_VERSION = 1.0;
				PRODUCT_BUNDLE_IDENTIFIER = "com.ganguly.Gymondo-TestUITests";
				PRODUCT_NAME = "$(TARGET_NAME)";
				SWIFT_EMIT_LOC_STRINGS = NO;
				SWIFT_VERSION = 5.0;
				TARGETED_DEVICE_FAMILY = "1,2";
				TEST_TARGET_NAME = "Gymondo Test";
			};
			name = Release;
		};
/* End XCBuildConfiguration section */

/* Begin XCConfigurationList section */
		E52A874F281D627800794C44 /* Build configuration list for PBXProject "Gymondo Test" */ = {
			isa = XCConfigurationList;
			buildConfigurations = (
				E52A877C281D627A00794C44 /* Debug */,
				E52A877D281D627A00794C44 /* Release */,
			);
			defaultConfigurationIsVisible = 0;
			defaultConfigurationName = Release;
		};
		E52A877E281D627A00794C44 /* Build configuration list for PBXNativeTarget "Gymondo Test" */ = {
			isa = XCConfigurationList;
			buildConfigurations = (
				E52A877F281D627A00794C44 /* Debug */,
				E52A8780281D627A00794C44 /* Release */,
			);
			defaultConfigurationIsVisible = 0;
			defaultConfigurationName = Release;
		};
		E52A8781281D627A00794C44 /* Build configuration list for PBXNativeTarget "Gymondo TestTests" */ = {
			isa = XCConfigurationList;
			buildConfigurations = (
				E52A8782281D627A00794C44 /* Debug */,
				E52A8783281D627A00794C44 /* Release */,
			);
			defaultConfigurationIsVisible = 0;
			defaultConfigurationName = Release;
		};
		E52A8784281D627A00794C44 /* Build configuration list for PBXNativeTarget "Gymondo TestUITests" */ = {
			isa = XCConfigurationList;
			buildConfigurations = (
				E52A8785281D627A00794C44 /* Debug */,
				E52A8786281D627A00794C44 /* Release */,
			);
			defaultConfigurationIsVisible = 0;
			defaultConfigurationName = Release;
		};
/* End XCConfigurationList section */

/* Begin XCRemoteSwiftPackageReference section */
		E52A87BD281FDE3900794C44 /* XCRemoteSwiftPackageReference "Kingfisher" */ = {
			isa = XCRemoteSwiftPackageReference;
			repositoryURL = "https://github.com/onevcat/Kingfisher.git";
			requirement = {
				branch = master;
				kind = branch;
			};
		};
/* End XCRemoteSwiftPackageReference section */

/* Begin XCSwiftPackageProductDependency section */
		E52A87BE281FDE3900794C44 /* Kingfisher */ = {
			isa = XCSwiftPackageProductDependency;
			package = E52A87BD281FDE3900794C44 /* XCRemoteSwiftPackageReference "Kingfisher" */;
			productName = Kingfisher;
		};
/* End XCSwiftPackageProductDependency section */
	};
	rootObject = E52A874C281D627800794C44 /* Project object */;
}
